dependencies:
- name: gitlab
  repository: ""
  version: '*.*.*'
- name: certmanager-issuer
  repository: ""
  version: '*.*.*'
- name: minio
  repository: ""
  version: '*.*.*'
- name: registry
  repository: ""
  version: '*.*.*'
- name: cert-manager
  repository: https://charts.jetstack.io/
  version: v1.12.13
- name: prometheus
  repository: https://prometheus-community.github.io/helm-charts
  version: 15.18.0
- name: postgresql
  repository: https://charts.bitnami.com/bitnami
  version: 12.5.2
- name: gitlab-runner
  repository: https://charts.gitlab.io/
  version: 0.70.0
- name: redis
  repository: https://charts.bitnami.com/bitnami
  version: 16.13.2
- name: nginx-ingress
  repository: ""
  version: '*.*.*'
- name: nginx-ingress
  repository: ""
  version: '*.*.*'
- name: gitlab-zoekt
  repository: https://charts.gitlab.io/
  version: 1.4.1
- name: traefik
  repository: https://helm.traefik.io/traefik
  version: 10.19.4
- name: kubernetes-ingress
  repository: https://haproxytech.github.io/helm-charts
  version: 1.32.0
digest: sha256:554e770583dce0da34aa5e5d3901fd52118a89973345215b29c4d6cc9d4608ab
generated: "2024-10-23T10:37:07.516238325Z"
