dependencies:
- name: gitlab
  repository: ""
  version: '*.*.*'
- name: certmanager-issuer
  repository: ""
  version: '*.*.*'
- name: minio
  repository: ""
  version: '*.*.*'
- name: registry
  repository: ""
  version: '*.*.*'
- name: cert-manager
  repository: https://charts.jetstack.io/
  version: v1.11.1
- name: prometheus
  repository: https://prometheus-community.github.io/helm-charts
  version: 15.18.0
- name: postgresql
  repository: https://charts.bitnami.com/bitnami
  version: 12.5.2
- name: gitlab-runner
  repository: https://charts.gitlab.io/
  version: 0.58.1
- name: redis
  repository: https://charts.bitnami.com/bitnami
  version: 16.13.2
- name: nginx-ingress
  repository: ""
  version: '*.*.*'
- name: nginx-ingress
  repository: ""
  version: '*.*.*'
- name: gitlab-zoekt
  repository: https://charts.gitlab.io/
  version: 0.6.0
- name: traefik
  repository: https://helm.traefik.io/traefik
  version: 10.19.4
- name: kubernetes-ingress
  repository: https://haproxytech.github.io/helm-charts
  version: 1.32.0
digest: sha256:b0f5706dbda7b7359af696aabd3130dc7968f8b925d2a1fbce2421b447a314b2
generated: "2023-10-31T14:20:02.942582938Z"
